
Microsoft Visual Studio Solution File, Format Version 12.00
# Visual Studio Version 17
VisualStudioVersion = 17.1.32421.90
MinimumVisualStudioVersion = 10.0.40219.1
Project("{9A19103F-16F7-4668-BE54-9A1E7A4F7556}") = "Kaufmann_Final", "Kaufmann_Final\Kaufmann_Final.csproj", "{8B9DFD2B-EAEC-4B33-87C7-D1CF5F8857D0}"
EndProject
Project("{FAE04EC0-301F-11D3-BF4B-00C04F79EFBC}") = "Kaufmann_FinalTests", "Kaufmann_FinalTests\Kaufmann_FinalTests.csproj", "{CC27A7A5-740E-47C2-97E1-56D18CD8DD02}"
EndProject
Global
	GlobalSection(SolutionConfigurationPlatforms) = preSolution
		Debug|Any CPU = Debug|Any CPU
		Release|Any CPU = Release|Any CPU
	EndGlobalSection
	GlobalSection(ProjectConfigurationPlatforms) = postSolution
		{8B9DFD2B-EAEC-4B33-87C7-D1CF5F8857D0}.Debug|Any CPU.ActiveCfg = Debug|Any CPU
		{8B9DFD2B-EAEC-4B33-87C7-D1CF5F8857D0}.Debug|Any CPU.Build.0 = Debug|Any CPU
		{8B9DFD2B-EAEC-4B33-87C7-D1CF5F8857D0}.Release|Any CPU.ActiveCfg = Release|Any CPU
		{8B9DFD2B-EAEC-4B33-87C7-D1CF5F8857D0}.Release|Any CPU.Build.0 = Release|Any CPU
		{CC27A7A5-740E-47C2-97E1-56D18CD8DD02}.Debug|Any CPU.ActiveCfg = Debug|Any CPU
		{CC27A7A5-740E-47C2-97E1-56D18CD8DD02}.Debug|Any CPU.Build.0 = Debug|Any CPU
		{CC27A7A5-740E-47C2-97E1-56D18CD8DD02}.Release|Any CPU.ActiveCfg = Release|Any CPU
		{CC27A7A5-740E-47C2-97E1-56D18CD8DD02}.Release|Any CPU.Build.0 = Release|Any CPU
	EndGlobalSection
	GlobalSection(SolutionProperties) = preSolution
		HideSolutionNode = FALSE
	EndGlobalSection
	GlobalSection(ExtensibilityGlobals) = postSolution
		SolutionGuid = {E136D7E8-714D-443C-95AE-F5780742E043}
	EndGlobalSection
EndGlobal
